// !$*UTF8*$!
{
	archiveVersion = 1;
	classes = {
	};
	objectVersion = 46;
	objects = {

/* Begin PBXBuildFile section */
		FF54AC2D1AC97E2300DBD715 /* Foundation.framework in Frameworks */ = {isa = PBXBuildFile; fileRef = FF54AC2C1AC97E2300DBD715 /* Foundation.framework */; };
		FF54AC2F1AC97E2300DBD715 /* CoreGraphics.framework in Frameworks */ = {isa = PBXBuildFile; fileRef = FF54AC2E1AC97E2300DBD715 /* CoreGraphics.framework */; };
		FF54AC311AC97E2300DBD715 /* UIKit.framework in Frameworks */ = {isa = PBXBuildFile; fileRef = FF54AC301AC97E2300DBD715 /* UIKit.framework */; };
		FF54AC371AC97E2300DBD715 /* InfoPlist.strings in Resources */ = {isa = PBXBuildFile; fileRef = FF54AC351AC97E2300DBD715 /* InfoPlist.strings */; };
		FF54AC391AC97E2300DBD715 /* main.m in Sources */ = {isa = PBXBuildFile; fileRef = FF54AC381AC97E2300DBD715 /* main.m */; };
		FF54AC3D1AC97E2300DBD715 /* AppDelegate.m in Sources */ = {isa = PBXBuildFile; fileRef = FF54AC3C1AC97E2300DBD715 /* AppDelegate.m */; };
		FF54AC401AC97E2300DBD715 /* Main.storyboard in Resources */ = {isa = PBXBuildFile; fileRef = FF54AC3E1AC97E2300DBD715 /* Main.storyboard */; };
		FF54AC451AC97E2300DBD715 /* Images.xcassets in Resources */ = {isa = PBXBuildFile; fileRef = FF54AC441AC97E2300DBD715 /* Images.xcassets */; };
		FF54AC4C1AC97E2300DBD715 /* XCTest.framework in Frameworks */ = {isa = PBXBuildFile; fileRef = FF54AC4B1AC97E2300DBD715 /* XCTest.framework */; };
		FF54AC4D1AC97E2300DBD715 /* Foundation.framework in Frameworks */ = {isa = PBXBuildFile; fileRef = FF54AC2C1AC97E2300DBD715 /* Foundation.framework */; };
		FF54AC4E1AC97E2300DBD715 /* UIKit.framework in Frameworks */ = {isa = PBXBuildFile; fileRef = FF54AC301AC97E2300DBD715 /* UIKit.framework */; };
		FF54AC561AC97E2300DBD715 /* InfoPlist.strings in Resources */ = {isa = PBXBuildFile; fileRef = FF54AC541AC97E2300DBD715 /* InfoPlist.strings */; };
		FF54AC581AC97E2300DBD715 /* UTPinYinExampleTests.m in Sources */ = {isa = PBXBuildFile; fileRef = FF54AC571AC97E2300DBD715 /* UTPinYinExampleTests.m */; };
		FF54AC631AC97ECE00DBD715 /* UTPinYinController.m in Sources */ = {isa = PBXBuildFile; fileRef = FF54AC621AC97ECE00DBD715 /* UTPinYinController.m */; };
		FF5C64251ACAEB580065A97D /* pinyinDictUTF8.plist in Resources */ = {isa = PBXBuildFile; fileRef = FF5C64211ACAEB580065A97D /* pinyinDictUTF8.plist */; };
		FF5C64261ACAEB580065A97D /* UTPinYinHelper.m in Sources */ = {isa = PBXBuildFile; fileRef = FF5C64241ACAEB580065A97D /* UTPinYinHelper.m */; };
/* End PBXBuildFile section */

/* Begin PBXContainerItemProxy section */
		FF54AC4F1AC97E2300DBD715 /* PBXContainerItemProxy */ = {
			isa = PBXContainerItemProxy;
			containerPortal = FF54AC211AC97E2200DBD715 /* Project object */;
			proxyType = 1;
			remoteGlobalIDString = FF54AC281AC97E2300DBD715;
			remoteInfo = UTPinYinExample;
		};
/* End PBXContainerItemProxy section */

/* Begin PBXFileReference section */
		FF54AC291AC97E2300DBD715 /* UTPinYinExample.app */ = {isa = PBXFileReference; explicitFileType = wrapper.application; includeInIndex = 0; path = UTPinYinExample.app; sourceTree = BUILT_PRODUCTS_DIR; };
		FF54AC2C1AC97E2300DBD715 /* Foundation.framework */ = {isa = PBXFileReference; lastKnownFileType = wrapper.framework; name = Foundation.framework; path = System/Library/Frameworks/Foundation.framework; sourceTree = SDKROOT; };
		FF54AC2E1AC97E2300DBD715 /* CoreGraphics.framework */ = {isa = PBXFileReference; lastKnownFileType = wrapper.framework; name = CoreGraphics.framework; path = System/Library/Frameworks/CoreGraphics.framework; sourceTree = SDKROOT; };
		FF54AC301AC97E2300DBD715 /* UIKit.framework */ = {isa = PBXFileReference; lastKnownFileType = wrapper.framework; name = UIKit.framework; path = System/Library/Frameworks/UIKit.framework; sourceTree = SDKROOT; };
		FF54AC341AC97E2300DBD715 /* UTPinYinExample-Info.plist */ = {isa = PBXFileReference; lastKnownFileType = text.plist.xml; path = "UTPinYinExample-Info.plist"; sourceTree = "<group>"; };
		FF54AC361AC97E2300DBD715 /* en */ = {isa = PBXFileReference; lastKnownFileType = text.plist.strings; name = en; path = en.lproj/InfoPlist.strings; sourceTree = "<group>"; };
		FF54AC381AC97E2300DBD715 /* main.m */ = {isa = PBXFileReference; lastKnownFileType = sourcecode.c.objc; path = main.m; sourceTree = "<group>"; };
		FF54AC3A1AC97E2300DBD715 /* UTPinYinExample-Prefix.pch */ = {isa = PBXFileReference; lastKnownFileType = sourcecode.c.h; path = "UTPinYinExample-Prefix.pch"; sourceTree = "<group>"; };
		FF54AC3B1AC97E2300DBD715 /* AppDelegate.h */ = {isa = PBXFileReference; lastKnownFileType = sourcecode.c.h; path = AppDelegate.h; sourceTree = "<group>"; };
		FF54AC3C1AC97E2300DBD715 /* AppDelegate.m */ = {isa = PBXFileReference; lastKnownFileType = sourcecode.c.objc; path = AppDelegate.m; sourceTree = "<group>"; };
		FF54AC3F1AC97E2300DBD715 /* Base */ = {isa = PBXFileReference; lastKnownFileType = file.storyboard; name = Base; path = Base.lproj/Main.storyboard; sourceTree = "<group>"; };
		FF54AC441AC97E2300DBD715 /* Images.xcassets */ = {isa = PBXFileReference; lastKnownFileType = folder.assetcatalog; path = Images.xcassets; sourceTree = "<group>"; };
		FF54AC4A1AC97E2300DBD715 /* UTPinYinExampleTests.xctest */ = {isa = PBXFileReference; explicitFileType = wrapper.cfbundle; includeInIndex = 0; path = UTPinYinExampleTests.xctest; sourceTree = BUILT_PRODUCTS_DIR; };
		FF54AC4B1AC97E2300DBD715 /* XCTest.framework */ = {isa = PBXFileReference; lastKnownFileType = wrapper.framework; name = XCTest.framework; path = Library/Frameworks/XCTest.framework; sourceTree = DEVELOPER_DIR; };
		FF54AC531AC97E2300DBD715 /* UTPinYinExampleTests-Info.plist */ = {isa = PBXFileReference; lastKnownFileType = text.plist.xml; path = "UTPinYinExampleTests-Info.plist"; sourceTree = "<group>"; };
		FF54AC551AC97E2300DBD715 /* en */ = {isa = PBXFileReference; lastKnownFileType = text.plist.strings; name = en; path = en.lproj/InfoPlist.strings; sourceTree = "<group>"; };
		FF54AC571AC97E2300DBD715 /* UTPinYinExampleTests.m */ = {isa = PBXFileReference; lastKnownFileType = sourcecode.c.objc; path = UTPinYinExampleTests.m; sourceTree = "<group>"; };
		FF54AC611AC97ECE00DBD715 /* UTPinYinController.h */ = {isa = PBXFileReference; fileEncoding = 4; lastKnownFileType = sourcecode.c.h; path = UTPinYinController.h; sourceTree = "<group>"; };
		FF54AC621AC97ECE00DBD715 /* UTPinYinController.m */ = {isa = PBXFileReference; fileEncoding = 4; lastKnownFileType = sourcecode.c.objc; path = UTPinYinController.m; sourceTree = "<group>"; };
		FF5C64211ACAEB580065A97D /* pinyinDictUTF8.plist */ = {isa = PBXFileReference; fileEncoding = 4; lastKnownFileType = text.plist.xml; path = pinyinDictUTF8.plist; sourceTree = "<group>"; };
		FF5C64221ACAEB580065A97D /* SingletonMacro.h */ = {isa = PBXFileReference; fileEncoding = 4; lastKnownFileType = sourcecode.c.h; path = SingletonMacro.h; sourceTree = "<group>"; };
		FF5C64231ACAEB580065A97D /* UTPinYinHelper.h */ = {isa = PBXFileReference; fileEncoding = 4; lastKnownFileType = sourcecode.c.h; path = UTPinYinHelper.h; sourceTree = "<group>"; };
		FF5C64241ACAEB580065A97D /* UTPinYinHelper.m */ = {isa = PBXFileReference; fileEncoding = 4; lastKnownFileType = sourcecode.c.objc; path = UTPinYinHelper.m; sourceTree = "<group>"; };
/* End PBXFileReference section */

/* Begin PBXFrameworksBuildPhase section */
		FF54AC261AC97E2300DBD715 /* Frameworks */ = {
			isa = PBXFrameworksBuildPhase;
			buildActionMask = 2147483647;
			files = (
				FF54AC2F1AC97E2300DBD715 /* CoreGraphics.framework in Frameworks */,
				FF54AC311AC97E2300DBD715 /* UIKit.framework in Frameworks */,
				FF54AC2D1AC97E2300DBD715 /* Foundation.framework in Frameworks */,
			);
			runOnlyForDeploymentPostprocessing = 0;
		};
		FF54AC471AC97E2300DBD715 /* Frameworks */ = {
			isa = PBXFrameworksBuildPhase;
			buildActionMask = 2147483647;
			files = (
				FF54AC4C1AC97E2300DBD715 /* XCTest.framework in Frameworks */,
				FF54AC4E1AC97E2300DBD715 /* UIKit.framework in Frameworks */,
				FF54AC4D1AC97E2300DBD715 /* Foundation.framework in Frameworks */,
			);
			runOnlyForDeploymentPostprocessing = 0;
		};
/* End PBXFrameworksBuildPhase section */

/* Begin PBXGroup section */
		FF54AC201AC97E2200DBD715 = {
			isa = PBXGroup;
			children = (
				FF54AC321AC97E2300DBD715 /* UTPinYinExample */,
				FF54AC511AC97E2300DBD715 /* UTPinYinExampleTests */,
				FF54AC2B1AC97E2300DBD715 /* Frameworks */,
				FF54AC2A1AC97E2300DBD715 /* Products */,
			);
			sourceTree = "<group>";
		};
		FF54AC2A1AC97E2300DBD715 /* Products */ = {
			isa = PBXGroup;
			children = (
				FF54AC291AC97E2300DBD715 /* UTPinYinExample.app */,
				FF54AC4A1AC97E2300DBD715 /* UTPinYinExampleTests.xctest */,
			);
			name = Products;
			sourceTree = "<group>";
		};
		FF54AC2B1AC97E2300DBD715 /* Frameworks */ = {
			isa = PBXGroup;
			children = (
				FF54AC2C1AC97E2300DBD715 /* Foundation.framework */,
				FF54AC2E1AC97E2300DBD715 /* CoreGraphics.framework */,
				FF54AC301AC97E2300DBD715 /* UIKit.framework */,
				FF54AC4B1AC97E2300DBD715 /* XCTest.framework */,
			);
			name = Frameworks;
			sourceTree = "<group>";
		};
		FF54AC321AC97E2300DBD715 /* UTPinYinExample */ = {
			isa = PBXGroup;
			children = (
				FF5C64201ACAEB580065A97D /* UTPinYinHelper */,
				FF54AC3B1AC97E2300DBD715 /* AppDelegate.h */,
				FF54AC3C1AC97E2300DBD715 /* AppDelegate.m */,
				FF54AC3E1AC97E2300DBD715 /* Main.storyboard */,
				FF54AC441AC97E2300DBD715 /* Images.xcassets */,
				FF54AC331AC97E2300DBD715 /* Supporting Files */,
				FF54AC611AC97ECE00DBD715 /* UTPinYinController.h */,
				FF54AC621AC97ECE00DBD715 /* UTPinYinController.m */,
			);
			path = UTPinYinExample;
			sourceTree = "<group>";
		};
		FF54AC331AC97E2300DBD715 /* Supporting Files */ = {
			isa = PBXGroup;
			children = (
				FF54AC341AC97E2300DBD715 /* UTPinYinExample-Info.plist */,
				FF54AC351AC97E2300DBD715 /* InfoPlist.strings */,
				FF54AC381AC97E2300DBD715 /* main.m */,
				FF54AC3A1AC97E2300DBD715 /* UTPinYinExample-Prefix.pch */,
			);
			name = "Supporting Files";
			sourceTree = "<group>";
		};
		FF54AC511AC97E2300DBD715 /* UTPinYinExampleTests */ = {
			isa = PBXGroup;
			children = (
				FF54AC571AC97E2300DBD715 /* UTPinYinExampleTests.m */,
				FF54AC521AC97E2300DBD715 /* Supporting Files */,
			);
			path = UTPinYinExampleTests;
			sourceTree = "<group>";
		};
		FF54AC521AC97E2300DBD715 /* Supporting Files */ = {
			isa = PBXGroup;
			children = (
				FF54AC531AC97E2300DBD715 /* UTPinYinExampleTests-Info.plist */,
				FF54AC541AC97E2300DBD715 /* InfoPlist.strings */,
			);
			name = "Supporting Files";
			sourceTree = "<group>";
		};
		FF5C64201ACAEB580065A97D /* UTPinYinHelper */ = {
			isa = PBXGroup;
			children = (
				FF5C64211ACAEB580065A97D /* pinyinDictUTF8.plist */,
				FF5C64221ACAEB580065A97D /* SingletonMacro.h */,
				FF5C64231ACAEB580065A97D /* UTPinYinHelper.h */,
				FF5C64241ACAEB580065A97D /* UTPinYinHelper.m */,
			);
			path = UTPinYinHelper;
			sourceTree = "<group>";
		};
/* End PBXGroup section */

/* Begin PBXNativeTarget section */
		FF54AC281AC97E2300DBD715 /* UTPinYinExample */ = {
			isa = PBXNativeTarget;
			buildConfigurationList = FF54AC5B1AC97E2300DBD715 /* Build configuration list for PBXNativeTarget "UTPinYinExample" */;
			buildPhases = (
				FF54AC251AC97E2300DBD715 /* Sources */,
				FF54AC261AC97E2300DBD715 /* Frameworks */,
				FF54AC271AC97E2300DBD715 /* Resources */,
			);
			buildRules = (
			);
			dependencies = (
			);
			name = UTPinYinExample;
			productName = UTPinYinExample;
			productReference = FF54AC291AC97E2300DBD715 /* UTPinYinExample.app */;
			productType = "com.apple.product-type.application";
		};
		FF54AC491AC97E2300DBD715 /* UTPinYinExampleTests */ = {
			isa = PBXNativeTarget;
			buildConfigurationList = FF54AC5E1AC97E2300DBD715 /* Build configuration list for PBXNativeTarget "UTPinYinExampleTests" */;
			buildPhases = (
				FF54AC461AC97E2300DBD715 /* Sources */,
				FF54AC471AC97E2300DBD715 /* Frameworks */,
				FF54AC481AC97E2300DBD715 /* Resources */,
			);
			buildRules = (
			);
			dependencies = (
				FF54AC501AC97E2300DBD715 /* PBXTargetDependency */,
			);
			name = UTPinYinExampleTests;
			productName = UTPinYinExampleTests;
			productReference = FF54AC4A1AC97E2300DBD715 /* UTPinYinExampleTests.xctest */;
			productType = "com.apple.product-type.bundle.unit-test";
		};
/* End PBXNativeTarget section */

/* Begin PBXProject section */
		FF54AC211AC97E2200DBD715 /* Project object */ = {
			isa = PBXProject;
			attributes = {
				LastUpgradeCheck = 0510;
				ORGANIZATIONNAME = Walle;
				TargetAttributes = {
					FF54AC491AC97E2300DBD715 = {
						TestTargetID = FF54AC281AC97E2300DBD715;
					};
				};
			};
			buildConfigurationList = FF54AC241AC97E2300DBD715 /* Build configuration list for PBXProject "UTPinYinExample" */;
			compatibilityVersion = "Xcode 3.2";
			developmentRegion = English;
			hasScannedForEncodings = 0;
			knownRegions = (
				en,
				Base,
			);
			mainGroup = FF54AC201AC97E2200DBD715;
			productRefGroup = FF54AC2A1AC97E2300DBD715 /* Products */;
			projectDirPath = "";
			projectRoot = "";
			targets = (
				FF54AC281AC97E2300DBD715 /* UTPinYinExample */,
				FF54AC491AC97E2300DBD715 /* UTPinYinExampleTests */,
			);
		};
/* End PBXProject section */

/* Begin PBXResourcesBuildPhase section */
		FF54AC271AC97E2300DBD715 /* Resources */ = {
			isa = PBXResourcesBuildPhase;
			buildActionMask = 2147483647;
			files = (
				FF54AC451AC97E2300DBD715 /* Images.xcassets in Resources */,
				FF54AC371AC97E2300DBD715 /* InfoPlist.strings in Resources */,
				FF54AC401AC97E2300DBD715 /* Main.storyboard in Resources */,
				FF5C64251ACAEB580065A97D /* pinyinDictUTF8.plist in Resources */,
			);
			runOnlyForDeploymentPostprocessing = 0;
		};
		FF54AC481AC97E2300DBD715 /* Resources */ = {
			isa = PBXResourcesBuildPhase;
			buildActionMask = 2147483647;
			files = (
				FF54AC561AC97E2300DBD715 /* InfoPlist.strings in Resources */,
			);
			runOnlyForDeploymentPostprocessing = 0;
		};
/* End PBXResourcesBuildPhase section */

/* Begin PBXSourcesBuildPhase section */
		FF54AC251AC97E2300DBD715 /* Sources */ = {
			isa = PBXSourcesBuildPhase;
			buildActionMask = 2147483647;
			files = (
				FF54AC3D1AC97E2300DBD715 /* AppDelegate.m in Sources */,
				FF54AC391AC97E2300DBD715 /* main.m in Sources */,
				FF54AC631AC97ECE00DBD715 /* UTPinYinController.m in Sources */,
				FF5C64261ACAEB580065A97D /* UTPinYinHelper.m in Sources */,
			);
			runOnlyForDeploymentPostprocessing = 0;
		};
		FF54AC461AC97E2300DBD715 /* Sources */ = {
			isa = PBXSourcesBuildPhase;
			buildActionMask = 2147483647;
			files = (
				FF54AC581AC97E2300DBD715 /* UTPinYinExampleTests.m in Sources */,
			);
			runOnlyForDeploymentPostprocessing = 0;
		};
/* End PBXSourcesBuildPhase section */

/* Begin PBXTargetDependency section */
		FF54AC501AC97E2300DBD715 /* PBXTargetDependency */ = {
			isa = PBXTargetDependency;
			target = FF54AC281AC97E2300DBD715 /* UTPinYinExample */;
			targetProxy = FF54AC4F1AC97E2300DBD715 /* PBXContainerItemProxy */;
		};
/* End PBXTargetDependency section */

/* Begin PBXVariantGroup section */
		FF54AC351AC97E2300DBD715 /* InfoPlist.strings */ = {
			isa = PBXVariantGroup;
			children = (
				FF54AC361AC97E2300DBD715 /* en */,
			);
			name = InfoPlist.strings;
			sourceTree = "<group>";
		};
		FF54AC3E1AC97E2300DBD715 /* Main.storyboard */ = {
			isa = PBXVariantGroup;
			children = (
				FF54AC3F1AC97E2300DBD715 /* Base */,
			);
			name = Main.storyboard;
			sourceTree = "<group>";
		};
		FF54AC541AC97E2300DBD715 /* InfoPlist.strings */ = {
			isa = PBXVariantGroup;
			children = (
				FF54AC551AC97E2300DBD715 /* en */,
			);
			name = InfoPlist.strings;
			sourceTree = "<group>";
		};
/* End PBXVariantGroup section */

/* Begin XCBuildConfiguration section */
		FF54AC591AC97E2300DBD715 /* Debug */ = {
			isa = XCBuildConfiguration;
			buildSettings = {
				ALWAYS_SEARCH_USER_PATHS = NO;
				CLANG_CXX_LANGUAGE_STANDARD = "gnu++0x";
				CLANG_CXX_LIBRARY = "libc++";
				CLANG_ENABLE_MODULES = YES;
				CLANG_ENABLE_OBJC_ARC = YES;
				CLANG_WARN_BOOL_CONVERSION = YES;
				CLANG_WARN_CONSTANT_CONVERSION = YES;
				CLANG_WARN_DIRECT_OBJC_ISA_USAGE = YES_ERROR;
				CLANG_WARN_EMPTY_BODY = YES;
				CLANG_WARN_ENUM_CONVERSION = YES;
				CLANG_WARN_INT_CONVERSION = YES;
				CLANG_WARN_OBJC_ROOT_CLASS = YES_ERROR;
				CLANG_WARN__DUPLICATE_METHOD_MATCH = YES;
				"CODE_SIGN_IDENTITY[sdk=iphoneos*]" = "iPhone Developer";
				COPY_PHASE_STRIP = NO;
				GCC_C_LANGUAGE_STANDARD = gnu99;
				GCC_DYNAMIC_NO_PIC = NO;
				GCC_OPTIMIZATION_LEVEL = 0;
				GCC_PREPROCESSOR_DEFINITIONS = (
					"DEBUG=1",
					"$(inherited)",
				);
				GCC_SYMBOLS_PRIVATE_EXTERN = NO;
				GCC_WARN_64_TO_32_BIT_CONVERSION = YES;
				GCC_WARN_ABOUT_RETURN_TYPE = YES_ERROR;
				GCC_WARN_UNDECLARED_SELECTOR = YES;
				GCC_WARN_UNINITIALIZED_AUTOS = YES_AGGRESSIVE;
				GCC_WARN_UNUSED_FUNCTION = YES;
				GCC_WARN_UNUSED_VARIABLE = YES;
				IPHONEOS_DEPLOYMENT_TARGET = 7.1;
				ONLY_ACTIVE_ARCH = YES;
				SDKROOT = iphoneos;
			};
			name = Debug;
		};
		FF54AC5A1AC97E2300DBD715 /* Release */ = {
			isa = XCBuildConfiguration;
			buildSettings = {
				ALWAYS_SEARCH_USER_PATHS = NO;
				CLANG_CXX_LANGUAGE_STANDARD = "gnu++0x";
				CLANG_CXX_LIBRARY = "libc++";
				CLANG_ENABLE_MODULES = YES;
				CLANG_ENABLE_OBJC_ARC = YES;
				CLANG_WARN_BOOL_CONVERSION = YES;
				CLANG_WARN_CONSTANT_CONVERSION = YES;
				CLANG_WARN_DIRECT_OBJC_ISA_USAGE = YES_ERROR;
				CLANG_WARN_EMPTY_BODY = YES;
				CLANG_WARN_ENUM_CONVERSION = YES;
				CLANG_WARN_INT_CONVERSION = YES;
				CLANG_WARN_OBJC_ROOT_CLASS = YES_ERROR;
				CLANG_WARN__DUPLICATE_METHOD_MATCH = YES;
				"CODE_SIGN_IDENTITY[sdk=iphoneos*]" = "iPhone Developer";
				COPY_PHASE_STRIP = YES;
				ENABLE_NS_ASSERTIONS = NO;
				GCC_C_LANGUAGE_STANDARD = gnu99;
				GCC_WARN_64_TO_32_BIT_CONVERSION = YES;
				GCC_WARN_ABOUT_RETURN_TYPE = YES_ERROR;
				GCC_WARN_UNDECLARED_SELECTOR = YES;
				GCC_WARN_UNINITIALIZED_AUTOS = YES_AGGRESSIVE;
				GCC_WARN_UNUSED_FUNCTION = YES;
				GCC_WARN_UNUSED_VARIABLE = YES;
				IPHONEOS_DEPLOYMENT_TARGET = 7.1;
				SDKROOT = iphoneos;
				VALIDATE_PRODUCT = YES;
			};
			name = Release;
		};
		FF54AC5C1AC97E2300DBD715 /* Debug */ = {
			isa = XCBuildConfiguration;
			buildSettings = {
				ASSETCATALOG_COMPILER_APPICON_NAME = AppIcon;
				ASSETCATALOG_COMPILER_LAUNCHIMAGE_NAME = LaunchImage;
				GCC_PRECOMPILE_PREFIX_HEADER = YES;
				GCC_PREFIX_HEADER = "UTPinYinExample/UTPinYinExample-Prefix.pch";
				INFOPLIST_FILE = "UTPinYinExample/UTPinYinExample-Info.plist";
				PRODUCT_NAME = "$(TARGET_NAME)";
				WRAPPER_EXTENSION = app;
			};
			name = Debug;
		};
		FF54AC5D1AC97E2300DBD715 /* Release */ = {
			isa = XCBuildConfiguration;
			buildSettings = {
				ASSETCATALOG_COMPILER_APPICON_NAME = AppIcon;
				ASSETCATALOG_COMPILER_LAUNCHIMAGE_NAME = LaunchImage;
				GCC_PRECOMPILE_PREFIX_HEADER = YES;
				GCC_PREFIX_HEADER = "UTPinYinExample/UTPinYinExample-Prefix.pch";
				INFOPLIST_FILE = "UTPinYinExample/UTPinYinExample-Info.plist";
				PRODUCT_NAME = "$(TARGET_NAME)";
				WRAPPER_EXTENSION = app;
			};
			name = Release;
		};
		FF54AC5F1AC97E2300DBD715 /* Debug */ = {
			isa = XCBuildConfiguration;
			buildSettings = {
				BUNDLE_LOADER = "$(BUILT_PRODUCTS_DIR)/UTPinYinExample.app/UTPinYinExample";
				FRAMEWORK_SEARCH_PATHS = (
					"$(SDKROOT)/Developer/Library/Frameworks",
					"$(inherited)",
					"$(DEVELOPER_FRAMEWORKS_DIR)",
				);
				GCC_PRECOMPILE_PREFIX_HEADER = YES;
				GCC_PREFIX_HEADER = "UTPinYinExample/UTPinYinExample-Prefix.pch";
				GCC_PREPROCESSOR_DEFINITIONS = (
					"DEBUG=1",
					"$(inherited)",
				);
				INFOPLIST_FILE = "UTPinYinExampleTests/UTPinYinExampleTests-Info.plist";
				PRODUCT_NAME = "$(TARGET_NAME)";
				TEST_HOST = "$(BUNDLE_LOADER)";
				WRAPPER_EXTENSION = xctest;
			};
			name = Debug;
		};
		FF54AC601AC97E2300DBD715 /* Release */ = {
			isa = XCBuildConfiguration;
			buildSettings = {
				BUNDLE_LOADER = "$(BUILT_PRODUCTS_DIR)/UTPinYinExample.app/UTPinYinExample";
				FRAMEWORK_SEARCH_PATHS = (
					"$(SDKROOT)/Developer/Library/Frameworks",
					"$(inherited)",
					"$(DEVELOPER_FRAMEWORKS_DIR)",
				);
				GCC_PRECOMPILE_PREFIX_HEADER = YES;
				GCC_PREFIX_HEADER = "UTPinYinExample/UTPinYinExample-Prefix.pch";
				INFOPLIST_FILE = "UTPinYinExampleTests/UTPinYinExampleTests-Info.plist";
				PRODUCT_NAME = "$(TARGET_NAME)";
				TEST_HOST = "$(BUNDLE_LOADER)";
				WRAPPER_EXTENSION = xctest;
			};
			name = Release;
		};
/* End XCBuildConfiguration section */

/* Begin XCConfigurationList section */
		FF54AC241AC97E2300DBD715 /* Build configuration list for PBXProject "UTPinYinExample" */ = {
			isa = XCConfigurationList;
			buildConfigurations = (
				FF54AC591AC97E2300DBD715 /* Debug */,
				FF54AC5A1AC97E2300DBD715 /* Release */,
			);
			defaultConfigurationIsVisible = 0;
			defaultConfigurationName = Release;
		};
		FF54AC5B1AC97E2300DBD715 /* Build configuration list for PBXNativeTarget "UTPinYinExample" */ = {
			isa = XCConfigurationList;
			buildConfigurations = (
				FF54AC5C1AC97E2300DBD715 /* Debug */,
				FF54AC5D1AC97E2300DBD715 /* Release */,
			);
			defaultConfigurationIsVisible = 0;
			defaultConfigurationName = Release;
		};
		FF54AC5E1AC97E2300DBD715 /* Build configuration list for PBXNativeTarget "UTPinYinExampleTests" */ = {
			isa = XCConfigurationList;
			buildConfigurations = (
				FF54AC5F1AC97E2300DBD715 /* Debug */,
				FF54AC601AC97E2300DBD715 /* Release */,
			);
			defaultConfigurationIsVisible = 0;
			defaultConfigurationName = Release;
		};
/* End XCConfigurationList section */
	};
	rootObject = FF54AC211AC97E2200DBD715 /* Project object */;
}
